{
  "name": "example",
  "version": "0.0.1",
  "lockfileVersion": 3,
  "requires": true,
  "packages": {
    "": {
      "name": "example",
      "version": "0.0.1",
      "dependencies": {
        "@rss3/js-sdk": "file:../.."
      }
    },
    "../..": {
      "version": "0.0.6",
      "license": "ISC",
      "dependencies": {
        "html-to-text": "^9.0.5",
        "openapi-fetch": "^0.6.0"
      },
      "devDependencies": {
        "@types/html-to-text": "^9.0.1",
        "@types/node": "^20.3.2",
        "@typescript-eslint/eslint-plugin": "^5.60.1",
        "@typescript-eslint/parser": "^5.60.1",
        "cspell": "^6.31.1",
        "eslint": "^8.43.0",
        "prettier": "^2.8.8",
        "typescript": "^5.0.4",
        "vitest": "^0.32.2"
      },
      "engines": {
        "node": ">=v19.8.1"
      }
    },
    "node_modules/@rss3/js-sdk": {
      "resolved": "../..",
      "link": true
    }
  }
}
